
Microsoft Visual Studio Solution File, Format Version 12.00
# Visual Studio 2012
Project("{E24C65DC-7377-472B-9ABA-BC803B73C61A}") = "tuandmph03333", "http://localhost:62457", "{BA1E6316-787D-4AAD-9C7A-0BDB229EDCDD}"
	ProjectSection(WebsiteProperties) = preProject
		UseIISExpress = "true"
		TargetFrameworkMoniker = ".NETFramework,Version%3Dv4.5"
		Debug.AspNetCompiler.VirtualPath = "/localhost_62457"
		Debug.AspNetCompiler.PhysicalPath = "..\..\WebSites\tuandmph03333\"
		Debug.AspNetCompiler.TargetPath = "PrecompiledWeb\localhost_62457\"
		Debug.AspNetCompiler.Updateable = "true"
		Debug.AspNetCompiler.ForceOverwrite = "true"
		Debug.AspNetCompiler.FixedNames = "false"
		Debug.AspNetCompiler.Debug = "True"
		Release.AspNetCompiler.VirtualPath = "/localhost_62457"
		Release.AspNetCompiler.PhysicalPath = "..\..\WebSites\tuandmph03333\"
		Release.AspNetCompiler.TargetPath = "PrecompiledWeb\localhost_62457\"
		Release.AspNetCompiler.Updateable = "true"
		Release.AspNetCompiler.ForceOverwrite = "true"
		Release.AspNetCompiler.FixedNames = "false"
		Release.AspNetCompiler.Debug = "False"
		SlnRelativePath = "..\..\WebSites\tuandmph03333\"
		DefaultWebSiteLanguage = "Visual Basic"
	EndProjectSection
EndProject
Global
	GlobalSection(SolutionConfigurationPlatforms) = preSolution
		Debug|Any CPU = Debug|Any CPU
	EndGlobalSection
	GlobalSection(ProjectConfigurationPlatforms) = postSolution
		{BA1E6316-787D-4AAD-9C7A-0BDB229EDCDD}.Debug|Any CPU.ActiveCfg = Debug|Any CPU
		{BA1E6316-787D-4AAD-9C7A-0BDB229EDCDD}.Debug|Any CPU.Build.0 = Debug|Any CPU
	EndGlobalSection
	GlobalSection(SolutionProperties) = preSolution
		HideSolutionNode = FALSE
	EndGlobalSection
EndGlobal
